
Microsoft Visual Studio Solution File, Format Version 12.00
# Visual Studio 14
VisualStudioVersion = 14.0.25420.1
MinimumVisualStudioVersion = 10.0.40219.1
Project("{9092AA53-FB77-4645-B42D-1CCCA6BD08BD}") = "steem-browserify", "steem-browserify\steem-browserify.njsproj", "{1A525935-D8B9-49DA-A515-4D161411BD25}"
EndProject
Global
	GlobalSection(SolutionConfigurationPlatforms) = preSolution
		Debug|Any CPU = Debug|Any CPU
		Release|Any CPU = Release|Any CPU
	EndGlobalSection
	GlobalSection(ProjectConfigurationPlatforms) = postSolution
		{1A525935-D8B9-49DA-A515-4D161411BD25}.Debug|Any CPU.ActiveCfg = Debug|Any CPU
		{1A525935-D8B9-49DA-A515-4D161411BD25}.Debug|Any CPU.Build.0 = Debug|Any CPU
		{1A525935-D8B9-49DA-A515-4D161411BD25}.Release|Any CPU.ActiveCfg = Release|Any CPU
		{1A525935-D8B9-49DA-A515-4D161411BD25}.Release|Any CPU.Build.0 = Release|Any CPU
	EndGlobalSection
	GlobalSection(SolutionProperties) = preSolution
		HideSolutionNode = FALSE
	EndGlobalSection
EndGlobal
